
Microsoft Visual Studio Solution File, Format Version 12.00
# Visual Studio 14
VisualStudioVersion = 14.0.23107.0
MinimumVisualStudioVersion = 10.0.40219.1
Project("{FAE04EC0-301F-11D3-BF4B-00C04F79EFBC}") = "MythClient", "MythClient.csproj", "{243655BB-B552-4733-B5E1-5E1F4F8D72C1}"
EndProject
Project("{FAE04EC0-301F-11D3-BF4B-00C04F79EFBC}") = "TaskDialog", "TaskDialog\TaskDialog.csproj", "{5BF15AF5-DEB8-46A8-99C7-21993617D0C8}"
EndProject
Project("{930C7802-8A8C-48F9-8165-68863BCCD9DD}") = "MythClient_x86", "installer\MythClient_x86.wixproj", "{1E2FE4E7-ED9F-47B6-8200-1B44BBC9A264}"
	ProjectSection(ProjectDependencies) = postProject
		{243655BB-B552-4733-B5E1-5E1F4F8D72C1} = {243655BB-B552-4733-B5E1-5E1F4F8D72C1}
		{5BF15AF5-DEB8-46A8-99C7-21993617D0C8} = {5BF15AF5-DEB8-46A8-99C7-21993617D0C8}
	EndProjectSection
EndProject
Project("{930C7802-8A8C-48F9-8165-68863BCCD9DD}") = "MythClient_x64", "installer\MythClient_x64.wixproj", "{87803172-C58B-41AB-9C98-9EC2C80EA376}"
	ProjectSection(ProjectDependencies) = postProject
		{243655BB-B552-4733-B5E1-5E1F4F8D72C1} = {243655BB-B552-4733-B5E1-5E1F4F8D72C1}
		{5BF15AF5-DEB8-46A8-99C7-21993617D0C8} = {5BF15AF5-DEB8-46A8-99C7-21993617D0C8}
	EndProjectSection
EndProject
Project("{2150E333-8FDC-42A3-9474-1A3956D46DE8}") = "installer", "installer", "{86BB94D0-8B66-4D6E-99C4-FCFDAB13E6D7}"
	ProjectSection(SolutionItems) = preProject
		installer\MythClient.wxs = installer\MythClient.wxs
	EndProjectSection
EndProject
Project("{2150E333-8FDC-42A3-9474-1A3956D46DE8}") = "Solution Items", "Solution Items", "{CD0C4D85-1845-4507-B3DD-8671612F7671}"
	ProjectSection(SolutionItems) = preProject
		README.md = README.md
	EndProjectSection
EndProject
Global
	GlobalSection(SolutionConfigurationPlatforms) = preSolution
		Debug|Any CPU = Debug|Any CPU
		Release|Any CPU = Release|Any CPU
	EndGlobalSection
	GlobalSection(ProjectConfigurationPlatforms) = postSolution
		{243655BB-B552-4733-B5E1-5E1F4F8D72C1}.Debug|Any CPU.ActiveCfg = Debug|Any CPU
		{243655BB-B552-4733-B5E1-5E1F4F8D72C1}.Debug|Any CPU.Build.0 = Debug|Any CPU
		{243655BB-B552-4733-B5E1-5E1F4F8D72C1}.Release|Any CPU.ActiveCfg = Release|Any CPU
		{243655BB-B552-4733-B5E1-5E1F4F8D72C1}.Release|Any CPU.Build.0 = Release|Any CPU
		{5BF15AF5-DEB8-46A8-99C7-21993617D0C8}.Debug|Any CPU.ActiveCfg = Debug|Any CPU
		{5BF15AF5-DEB8-46A8-99C7-21993617D0C8}.Debug|Any CPU.Build.0 = Debug|Any CPU
		{5BF15AF5-DEB8-46A8-99C7-21993617D0C8}.Release|Any CPU.ActiveCfg = Release|Any CPU
		{5BF15AF5-DEB8-46A8-99C7-21993617D0C8}.Release|Any CPU.Build.0 = Release|Any CPU
		{1E2FE4E7-ED9F-47B6-8200-1B44BBC9A264}.Debug|Any CPU.ActiveCfg = Debug|x86
		{1E2FE4E7-ED9F-47B6-8200-1B44BBC9A264}.Release|Any CPU.ActiveCfg = Release|x86
		{1E2FE4E7-ED9F-47B6-8200-1B44BBC9A264}.Release|Any CPU.Build.0 = Release|x86
		{87803172-C58B-41AB-9C98-9EC2C80EA376}.Debug|Any CPU.ActiveCfg = Debug|x64
		{87803172-C58B-41AB-9C98-9EC2C80EA376}.Release|Any CPU.ActiveCfg = Release|x64
		{87803172-C58B-41AB-9C98-9EC2C80EA376}.Release|Any CPU.Build.0 = Release|x64
	EndGlobalSection
	GlobalSection(SolutionProperties) = preSolution
		HideSolutionNode = FALSE
	EndGlobalSection
	GlobalSection(NestedProjects) = preSolution
		{1E2FE4E7-ED9F-47B6-8200-1B44BBC9A264} = {86BB94D0-8B66-4D6E-99C4-FCFDAB13E6D7}
		{87803172-C58B-41AB-9C98-9EC2C80EA376} = {86BB94D0-8B66-4D6E-99C4-FCFDAB13E6D7}
	EndGlobalSection
EndGlobal
