
Microsoft Visual Studio Solution File, Format Version 11.00
# Visual Studio 2010
Project("{FAE04EC0-301F-11D3-BF4B-00C04F79EFBC}") = "MythClient", "MythClient.csproj", "{243655BB-B552-4733-B5E1-5E1F4F8D72C1}"
EndProject
Project("{FAE04EC0-301F-11D3-BF4B-00C04F79EFBC}") = "TaskDialog", "TaskDialog\TaskDialog.csproj", "{5BF15AF5-DEB8-46A8-99C7-21993617D0C8}"
EndProject
Global
	GlobalSection(SolutionConfigurationPlatforms) = preSolution
		Debug|Any CPU = Debug|Any CPU
		Debug|Mixed Platforms = Debug|Mixed Platforms
		Debug|x86 = Debug|x86
		Release|Any CPU = Release|Any CPU
		Release|Mixed Platforms = Release|Mixed Platforms
		Release|x86 = Release|x86
	EndGlobalSection
	GlobalSection(ProjectConfigurationPlatforms) = postSolution
		{243655BB-B552-4733-B5E1-5E1F4F8D72C1}.Debug|Any CPU.ActiveCfg = Debug|x86
		{243655BB-B552-4733-B5E1-5E1F4F8D72C1}.Debug|Mixed Platforms.ActiveCfg = Debug|x86
		{243655BB-B552-4733-B5E1-5E1F4F8D72C1}.Debug|Mixed Platforms.Build.0 = Debug|x86
		{243655BB-B552-4733-B5E1-5E1F4F8D72C1}.Debug|x86.ActiveCfg = Debug|x86
		{243655BB-B552-4733-B5E1-5E1F4F8D72C1}.Debug|x86.Build.0 = Debug|x86
		{243655BB-B552-4733-B5E1-5E1F4F8D72C1}.Release|Any CPU.ActiveCfg = Release|x86
		{243655BB-B552-4733-B5E1-5E1F4F8D72C1}.Release|Mixed Platforms.ActiveCfg = Release|x86
		{243655BB-B552-4733-B5E1-5E1F4F8D72C1}.Release|Mixed Platforms.Build.0 = Release|x86
		{243655BB-B552-4733-B5E1-5E1F4F8D72C1}.Release|x86.ActiveCfg = Release|x86
		{243655BB-B552-4733-B5E1-5E1F4F8D72C1}.Release|x86.Build.0 = Release|x86
		{5BF15AF5-DEB8-46A8-99C7-21993617D0C8}.Debug|Any CPU.ActiveCfg = Debug|Any CPU
		{5BF15AF5-DEB8-46A8-99C7-21993617D0C8}.Debug|Any CPU.Build.0 = Debug|Any CPU
		{5BF15AF5-DEB8-46A8-99C7-21993617D0C8}.Debug|Mixed Platforms.ActiveCfg = Debug|Any CPU
		{5BF15AF5-DEB8-46A8-99C7-21993617D0C8}.Debug|Mixed Platforms.Build.0 = Debug|Any CPU
		{5BF15AF5-DEB8-46A8-99C7-21993617D0C8}.Debug|x86.ActiveCfg = Debug|Any CPU
		{5BF15AF5-DEB8-46A8-99C7-21993617D0C8}.Release|Any CPU.ActiveCfg = Release|Any CPU
		{5BF15AF5-DEB8-46A8-99C7-21993617D0C8}.Release|Any CPU.Build.0 = Release|Any CPU
		{5BF15AF5-DEB8-46A8-99C7-21993617D0C8}.Release|Mixed Platforms.ActiveCfg = Release|Any CPU
		{5BF15AF5-DEB8-46A8-99C7-21993617D0C8}.Release|Mixed Platforms.Build.0 = Release|Any CPU
		{5BF15AF5-DEB8-46A8-99C7-21993617D0C8}.Release|x86.ActiveCfg = Release|Any CPU
	EndGlobalSection
	GlobalSection(SolutionProperties) = preSolution
		HideSolutionNode = FALSE
	EndGlobalSection
EndGlobal
