
Microsoft Visual Studio Solution File, Format Version 12.00
# Visual Studio Version 16
VisualStudioVersion = 16.0.30907.101
MinimumVisualStudioVersion = 10.0.40219.1
Project("{9A19103F-16F7-4668-BE54-9A1E7A4F7556}") = "MythClient.Settings", "Settings\MythClient.Settings.csproj", "{3F4E0499-23D2-4AB2-A412-EC817149AC36}"
EndProject
Project("{9A19103F-16F7-4668-BE54-9A1E7A4F7556}") = "MythClient.Settings.Types", "Settings\Types\MythClient.Settings.Types.csproj", "{D4BA6872-D3B8-4DB4-9EA9-7CF4404C52BC}"
EndProject
Project("{2150E333-8FDC-42A3-9474-1A3956D46DE8}") = "Solution Items", "Solution Items", "{E2D239C6-7E09-4859-A09F-D41CA8012602}"
	ProjectSection(SolutionItems) = preProject
		PackageInfo.Common.proj = PackageInfo.Common.proj
	EndProjectSection
EndProject
Project("{9A19103F-16F7-4668-BE54-9A1E7A4F7556}") = "MythClient.Settings.Tests", "Settings\Tests\MythClient.Settings.Tests.csproj", "{76ED7AF0-2041-4FC0-895C-78164444636B}"
EndProject
Project("{9A19103F-16F7-4668-BE54-9A1E7A4F7556}") = "au.IO.Web.API.MythTV.Types", "IO.Web.API.MythTV\Types\au.IO.Web.API.MythTV.Types.csproj", "{D75E3A58-CDCA-4CE9-9583-A5A5D52AE3C8}"
EndProject
Project("{9A19103F-16F7-4668-BE54-9A1E7A4F7556}") = "au.IO.Web.API.MythTV", "IO.Web.API.MythTV\au.IO.Web.API.MythTV.csproj", "{5422F85C-A435-49CE-885C-97E16338F2A5}"
EndProject
Project("{9A19103F-16F7-4668-BE54-9A1E7A4F7556}") = "MythClient.Recordings.Types", "Recordings\Types\MythClient.Recordings.Types.csproj", "{E703BC3B-6F58-4D2A-BD4A-567412406ADC}"
EndProject
Project("{9A19103F-16F7-4668-BE54-9A1E7A4F7556}") = "MythClient.Recordings", "Recordings\MythClient.Recordings.csproj", "{76CB5FC5-A36C-4087-B4A6-879E9C4DAF4F}"
EndProject
Project("{9A19103F-16F7-4668-BE54-9A1E7A4F7556}") = "MythClient.Recordings.Tests", "Recordings\Tests\MythClient.Recordings.Tests.csproj", "{674B8B3B-31F5-4F05-BAB1-13789229567D}"
EndProject
Project("{9A19103F-16F7-4668-BE54-9A1E7A4F7556}") = "MythClient.UI", "UI\MythClient.UI.csproj", "{A366719C-6334-4542-AFEA-B71058ED1511}"
EndProject
Project("{9A19103F-16F7-4668-BE54-9A1E7A4F7556}") = "MythClient.UI.Tests", "UI\Tests\MythClient.UI.Tests.csproj", "{9BA6B3BC-D5C1-4046-A30F-19B1A02ADB48}"
EndProject
Project("{9A19103F-16F7-4668-BE54-9A1E7A4F7556}") = "MythClient", "MythClient.csproj", "{6A627EB6-39B2-4F1E-AF8B-FD4C6A537602}"
EndProject
Project("{930C7802-8A8C-48F9-8165-68863BCCD9DD}") = "MythClient_x86", "installer\MythClient_x86.wixproj", "{1E2FE4E7-ED9F-47B6-8200-1B44BBC9A264}"
	ProjectSection(ProjectDependencies) = postProject
		{6A627EB6-39B2-4F1E-AF8B-FD4C6A537602} = {6A627EB6-39B2-4F1E-AF8B-FD4C6A537602}
	EndProjectSection
EndProject
Project("{930C7802-8A8C-48F9-8165-68863BCCD9DD}") = "MythClient_x64", "installer\MythClient_x64.wixproj", "{87803172-C58B-41AB-9C98-9EC2C80EA376}"
	ProjectSection(ProjectDependencies) = postProject
		{6A627EB6-39B2-4F1E-AF8B-FD4C6A537602} = {6A627EB6-39B2-4F1E-AF8B-FD4C6A537602}
	EndProjectSection
EndProject
Global
	GlobalSection(SolutionConfigurationPlatforms) = preSolution
		Debug|Any CPU = Debug|Any CPU
		Release|Any CPU = Release|Any CPU
	EndGlobalSection
	GlobalSection(ProjectConfigurationPlatforms) = postSolution
		{3F4E0499-23D2-4AB2-A412-EC817149AC36}.Debug|Any CPU.ActiveCfg = Debug|Any CPU
		{3F4E0499-23D2-4AB2-A412-EC817149AC36}.Debug|Any CPU.Build.0 = Debug|Any CPU
		{3F4E0499-23D2-4AB2-A412-EC817149AC36}.Release|Any CPU.ActiveCfg = Release|Any CPU
		{3F4E0499-23D2-4AB2-A412-EC817149AC36}.Release|Any CPU.Build.0 = Release|Any CPU
		{D4BA6872-D3B8-4DB4-9EA9-7CF4404C52BC}.Debug|Any CPU.ActiveCfg = Debug|Any CPU
		{D4BA6872-D3B8-4DB4-9EA9-7CF4404C52BC}.Debug|Any CPU.Build.0 = Debug|Any CPU
		{D4BA6872-D3B8-4DB4-9EA9-7CF4404C52BC}.Release|Any CPU.ActiveCfg = Release|Any CPU
		{D4BA6872-D3B8-4DB4-9EA9-7CF4404C52BC}.Release|Any CPU.Build.0 = Release|Any CPU
		{76ED7AF0-2041-4FC0-895C-78164444636B}.Debug|Any CPU.ActiveCfg = Debug|Any CPU
		{76ED7AF0-2041-4FC0-895C-78164444636B}.Debug|Any CPU.Build.0 = Debug|Any CPU
		{76ED7AF0-2041-4FC0-895C-78164444636B}.Release|Any CPU.ActiveCfg = Debug|Any CPU
		{D75E3A58-CDCA-4CE9-9583-A5A5D52AE3C8}.Debug|Any CPU.ActiveCfg = Debug|Any CPU
		{D75E3A58-CDCA-4CE9-9583-A5A5D52AE3C8}.Debug|Any CPU.Build.0 = Debug|Any CPU
		{D75E3A58-CDCA-4CE9-9583-A5A5D52AE3C8}.Release|Any CPU.ActiveCfg = Release|Any CPU
		{D75E3A58-CDCA-4CE9-9583-A5A5D52AE3C8}.Release|Any CPU.Build.0 = Release|Any CPU
		{5422F85C-A435-49CE-885C-97E16338F2A5}.Debug|Any CPU.ActiveCfg = Debug|Any CPU
		{5422F85C-A435-49CE-885C-97E16338F2A5}.Debug|Any CPU.Build.0 = Debug|Any CPU
		{5422F85C-A435-49CE-885C-97E16338F2A5}.Release|Any CPU.ActiveCfg = Release|Any CPU
		{5422F85C-A435-49CE-885C-97E16338F2A5}.Release|Any CPU.Build.0 = Release|Any CPU
		{E703BC3B-6F58-4D2A-BD4A-567412406ADC}.Debug|Any CPU.ActiveCfg = Debug|Any CPU
		{E703BC3B-6F58-4D2A-BD4A-567412406ADC}.Debug|Any CPU.Build.0 = Debug|Any CPU
		{E703BC3B-6F58-4D2A-BD4A-567412406ADC}.Release|Any CPU.ActiveCfg = Release|Any CPU
		{E703BC3B-6F58-4D2A-BD4A-567412406ADC}.Release|Any CPU.Build.0 = Release|Any CPU
		{76CB5FC5-A36C-4087-B4A6-879E9C4DAF4F}.Debug|Any CPU.ActiveCfg = Debug|Any CPU
		{76CB5FC5-A36C-4087-B4A6-879E9C4DAF4F}.Debug|Any CPU.Build.0 = Debug|Any CPU
		{76CB5FC5-A36C-4087-B4A6-879E9C4DAF4F}.Release|Any CPU.ActiveCfg = Release|Any CPU
		{76CB5FC5-A36C-4087-B4A6-879E9C4DAF4F}.Release|Any CPU.Build.0 = Release|Any CPU
		{674B8B3B-31F5-4F05-BAB1-13789229567D}.Debug|Any CPU.ActiveCfg = Debug|Any CPU
		{674B8B3B-31F5-4F05-BAB1-13789229567D}.Debug|Any CPU.Build.0 = Debug|Any CPU
		{674B8B3B-31F5-4F05-BAB1-13789229567D}.Release|Any CPU.ActiveCfg = Debug|Any CPU
		{A366719C-6334-4542-AFEA-B71058ED1511}.Debug|Any CPU.ActiveCfg = Debug|Any CPU
		{A366719C-6334-4542-AFEA-B71058ED1511}.Debug|Any CPU.Build.0 = Debug|Any CPU
		{A366719C-6334-4542-AFEA-B71058ED1511}.Release|Any CPU.ActiveCfg = Release|Any CPU
		{A366719C-6334-4542-AFEA-B71058ED1511}.Release|Any CPU.Build.0 = Release|Any CPU
		{9BA6B3BC-D5C1-4046-A30F-19B1A02ADB48}.Debug|Any CPU.ActiveCfg = Debug|Any CPU
		{9BA6B3BC-D5C1-4046-A30F-19B1A02ADB48}.Debug|Any CPU.Build.0 = Debug|Any CPU
		{9BA6B3BC-D5C1-4046-A30F-19B1A02ADB48}.Release|Any CPU.ActiveCfg = Debug|Any CPU
		{6A627EB6-39B2-4F1E-AF8B-FD4C6A537602}.Debug|Any CPU.ActiveCfg = Debug|Any CPU
		{6A627EB6-39B2-4F1E-AF8B-FD4C6A537602}.Debug|Any CPU.Build.0 = Debug|Any CPU
		{6A627EB6-39B2-4F1E-AF8B-FD4C6A537602}.Release|Any CPU.ActiveCfg = Release|Any CPU
		{6A627EB6-39B2-4F1E-AF8B-FD4C6A537602}.Release|Any CPU.Build.0 = Release|Any CPU
		{1E2FE4E7-ED9F-47B6-8200-1B44BBC9A264}.Debug|Any CPU.ActiveCfg = Debug|x86
		{1E2FE4E7-ED9F-47B6-8200-1B44BBC9A264}.Release|Any CPU.ActiveCfg = Release|x86
		{1E2FE4E7-ED9F-47B6-8200-1B44BBC9A264}.Release|Any CPU.Build.0 = Release|x86
		{87803172-C58B-41AB-9C98-9EC2C80EA376}.Debug|Any CPU.ActiveCfg = Debug|x86
		{87803172-C58B-41AB-9C98-9EC2C80EA376}.Release|Any CPU.ActiveCfg = Release|x64
		{87803172-C58B-41AB-9C98-9EC2C80EA376}.Release|Any CPU.Build.0 = Release|x64
	EndGlobalSection
	GlobalSection(SolutionProperties) = preSolution
		HideSolutionNode = FALSE
	EndGlobalSection
	GlobalSection(ExtensibilityGlobals) = postSolution
		SolutionGuid = {FEF26D31-C719-4138-9131-85C8BECE3A26}
	EndGlobalSection
EndGlobal
